
Microsoft Visual Studio Solution File, Format Version 12.00
# Visual Studio Version 16
VisualStudioVersion = 16.0.31321.278
MinimumVisualStudioVersion = 10.0.40219.1
Project("{FAE04EC0-301F-11D3-BF4B-00C04F79EFBC}") = "KafkaTestProj1", "KafkaTestProj1\KafkaTestProj1.csproj", "{968B99EA-03D9-4BB0-8EAB-4CA7DF8471C8}"
EndProject
Global
	GlobalSection(SolutionConfigurationPlatforms) = preSolution
		Debug|Any CPU = Debug|Any CPU
		Release|Any CPU = Release|Any CPU
	EndGlobalSection
	GlobalSection(ProjectConfigurationPlatforms) = postSolution
		{968B99EA-03D9-4BB0-8EAB-4CA7DF8471C8}.Debug|Any CPU.ActiveCfg = Debug|Any CPU
		{968B99EA-03D9-4BB0-8EAB-4CA7DF8471C8}.Debug|Any CPU.Build.0 = Debug|Any CPU
		{968B99EA-03D9-4BB0-8EAB-4CA7DF8471C8}.Release|Any CPU.ActiveCfg = Release|Any CPU
		{968B99EA-03D9-4BB0-8EAB-4CA7DF8471C8}.Release|Any CPU.Build.0 = Release|Any CPU
	EndGlobalSection
	GlobalSection(SolutionProperties) = preSolution
		HideSolutionNode = FALSE
	EndGlobalSection
	GlobalSection(ExtensibilityGlobals) = postSolution
		SolutionGuid = {E3C8BA38-5904-4754-BEC3-C711391D8455}
	EndGlobalSection
EndGlobal
